
Microsoft Visual Studio Solution File, Format Version 11.00
# Visual Studio 2010
Project("{FAE04EC0-301F-11D3-BF4B-00C04F79EFBC}") = "Peaje", "Peaje\Peaje.csproj", "{C1395D93-2234-470F-B7A0-DA8F0978E938}"
EndProject
Global
	GlobalSection(SolutionConfigurationPlatforms) = preSolution
		Debug|x86 = Debug|x86
		Release|x86 = Release|x86
	EndGlobalSection
	GlobalSection(ProjectConfigurationPlatforms) = postSolution
		{C1395D93-2234-470F-B7A0-DA8F0978E938}.Debug|x86.ActiveCfg = Debug|x86
		{C1395D93-2234-470F-B7A0-DA8F0978E938}.Debug|x86.Build.0 = Debug|x86
		{C1395D93-2234-470F-B7A0-DA8F0978E938}.Release|x86.ActiveCfg = Release|x86
		{C1395D93-2234-470F-B7A0-DA8F0978E938}.Release|x86.Build.0 = Release|x86
	EndGlobalSection
	GlobalSection(SolutionProperties) = preSolution
		HideSolutionNode = FALSE
	EndGlobalSection
EndGlobal
